
Microsoft Visual Studio Solution File, Format Version 12.00
Project("{2150E333-8FDC-42A3-9474-1A3956D46DE8}") = "src", "src", "{B8E93546-A9D3-4FFD-92BE-8E591C7D8B5A}"
EndProject
Project("{2150E333-8FDC-42A3-9474-1A3956D46DE8}") = "tests", "tests", "{B7577B85-164B-41DA-A655-F81930FF8B42}"
EndProject
Project("{FAE04EC0-301F-11D3-BF4B-00C04F79EFBC}") = "Ztp.Api", "Ztp.Api\Ztp.Api.csproj", "{F7D256D9-301C-4BA8-9663-108A4618EAE5}"
EndProject
Project("{FAE04EC0-301F-11D3-BF4B-00C04F79EFBC}") = "Ztp.Domain", "Ztp.Domain\Ztp.Domain.csproj", "{B7958B39-F5B2-4393-BFCC-1E066E923536}"
EndProject
Project("{FAE04EC0-301F-11D3-BF4B-00C04F79EFBC}") = "Ztp.Infrastructure", "Ztp.Infrastructure\Ztp.Infrastructure.csproj", "{ED37CC6E-48A6-46B9-9417-EC312D6A394F}"
EndProject
Project("{FAE04EC0-301F-11D3-BF4B-00C04F79EFBC}") = "Ztp.Application", "Ztp.Application\Ztp.Application.csproj", "{48B1FF18-FE2F-4C9B-A49F-0F9184616FF9}"
EndProject
Project("{FAE04EC0-301F-11D3-BF4B-00C04F79EFBC}") = "Ztp.Shared", "Ztp.Shared\Ztp.Shared.csproj", "{70AD56DA-21B9-4AC5-90B2-DA89BF405542}"
EndProject
Project("{FAE04EC0-301F-11D3-BF4B-00C04F79EFBC}") = "Ztp.Shared.Abstractions", "Ztp.Shared.Abstractions\Ztp.Shared.Abstractions.csproj", "{E8059F8F-8857-4CA7-A97A-521C357F7B03}"
EndProject
Project("{FAE04EC0-301F-11D3-BF4B-00C04F79EFBC}") = "lab2.Domain.Bdd.Tests", "tests\lab2.Domain.Bdd.Tests\lab2.Domain.Bdd.Tests.csproj", "{6048B0CE-5C56-4363-BEE3-F5945C8E6723}"
EndProject
Global
	GlobalSection(SolutionConfigurationPlatforms) = preSolution
		Debug|Any CPU = Debug|Any CPU
		Release|Any CPU = Release|Any CPU
	EndGlobalSection
	GlobalSection(NestedProjects) = preSolution
		{F7D256D9-301C-4BA8-9663-108A4618EAE5} = {B8E93546-A9D3-4FFD-92BE-8E591C7D8B5A}
		{B7958B39-F5B2-4393-BFCC-1E066E923536} = {B8E93546-A9D3-4FFD-92BE-8E591C7D8B5A}
		{ED37CC6E-48A6-46B9-9417-EC312D6A394F} = {B8E93546-A9D3-4FFD-92BE-8E591C7D8B5A}
		{48B1FF18-FE2F-4C9B-A49F-0F9184616FF9} = {B8E93546-A9D3-4FFD-92BE-8E591C7D8B5A}
		{70AD56DA-21B9-4AC5-90B2-DA89BF405542} = {B8E93546-A9D3-4FFD-92BE-8E591C7D8B5A}
		{E8059F8F-8857-4CA7-A97A-521C357F7B03} = {B8E93546-A9D3-4FFD-92BE-8E591C7D8B5A}
		{6048B0CE-5C56-4363-BEE3-F5945C8E6723} = {B7577B85-164B-41DA-A655-F81930FF8B42}
	EndGlobalSection
	GlobalSection(ProjectConfigurationPlatforms) = postSolution
		{F7D256D9-301C-4BA8-9663-108A4618EAE5}.Debug|Any CPU.ActiveCfg = Debug|Any CPU
		{F7D256D9-301C-4BA8-9663-108A4618EAE5}.Debug|Any CPU.Build.0 = Debug|Any CPU
		{F7D256D9-301C-4BA8-9663-108A4618EAE5}.Release|Any CPU.ActiveCfg = Release|Any CPU
		{F7D256D9-301C-4BA8-9663-108A4618EAE5}.Release|Any CPU.Build.0 = Release|Any CPU
		{B7958B39-F5B2-4393-BFCC-1E066E923536}.Debug|Any CPU.ActiveCfg = Debug|Any CPU
		{B7958B39-F5B2-4393-BFCC-1E066E923536}.Debug|Any CPU.Build.0 = Debug|Any CPU
		{B7958B39-F5B2-4393-BFCC-1E066E923536}.Release|Any CPU.ActiveCfg = Release|Any CPU
		{B7958B39-F5B2-4393-BFCC-1E066E923536}.Release|Any CPU.Build.0 = Release|Any CPU
		{ED37CC6E-48A6-46B9-9417-EC312D6A394F}.Debug|Any CPU.ActiveCfg = Debug|Any CPU
		{ED37CC6E-48A6-46B9-9417-EC312D6A394F}.Debug|Any CPU.Build.0 = Debug|Any CPU
		{ED37CC6E-48A6-46B9-9417-EC312D6A394F}.Release|Any CPU.ActiveCfg = Release|Any CPU
		{ED37CC6E-48A6-46B9-9417-EC312D6A394F}.Release|Any CPU.Build.0 = Release|Any CPU
		{48B1FF18-FE2F-4C9B-A49F-0F9184616FF9}.Debug|Any CPU.ActiveCfg = Debug|Any CPU
		{48B1FF18-FE2F-4C9B-A49F-0F9184616FF9}.Debug|Any CPU.Build.0 = Debug|Any CPU
		{48B1FF18-FE2F-4C9B-A49F-0F9184616FF9}.Release|Any CPU.ActiveCfg = Release|Any CPU
		{48B1FF18-FE2F-4C9B-A49F-0F9184616FF9}.Release|Any CPU.Build.0 = Release|Any CPU
		{70AD56DA-21B9-4AC5-90B2-DA89BF405542}.Debug|Any CPU.ActiveCfg = Debug|Any CPU
		{70AD56DA-21B9-4AC5-90B2-DA89BF405542}.Debug|Any CPU.Build.0 = Debug|Any CPU
		{70AD56DA-21B9-4AC5-90B2-DA89BF405542}.Release|Any CPU.ActiveCfg = Release|Any CPU
		{70AD56DA-21B9-4AC5-90B2-DA89BF405542}.Release|Any CPU.Build.0 = Release|Any CPU
		{E8059F8F-8857-4CA7-A97A-521C357F7B03}.Debug|Any CPU.ActiveCfg = Debug|Any CPU
		{E8059F8F-8857-4CA7-A97A-521C357F7B03}.Debug|Any CPU.Build.0 = Debug|Any CPU
		{E8059F8F-8857-4CA7-A97A-521C357F7B03}.Release|Any CPU.ActiveCfg = Release|Any CPU
		{E8059F8F-8857-4CA7-A97A-521C357F7B03}.Release|Any CPU.Build.0 = Release|Any CPU
		{6048B0CE-5C56-4363-BEE3-F5945C8E6723}.Debug|Any CPU.ActiveCfg = Debug|Any CPU
		{6048B0CE-5C56-4363-BEE3-F5945C8E6723}.Debug|Any CPU.Build.0 = Debug|Any CPU
		{6048B0CE-5C56-4363-BEE3-F5945C8E6723}.Release|Any CPU.ActiveCfg = Release|Any CPU
		{6048B0CE-5C56-4363-BEE3-F5945C8E6723}.Release|Any CPU.Build.0 = Release|Any CPU
	EndGlobalSection
EndGlobal
