
Microsoft Visual Studio Solution File, Format Version 12.00
# Visual Studio Version 17
VisualStudioVersion = 17.8.34316.72
MinimumVisualStudioVersion = 10.0.40219.1
Project("{2150E333-8FDC-42A3-9474-1A3956D46DE8}") = "src", "src", "{B8E93546-A9D3-4FFD-92BE-8E591C7D8B5A}"
EndProject
Project("{2150E333-8FDC-42A3-9474-1A3956D46DE8}") = "tests", "tests", "{B7577B85-164B-41DA-A655-F81930FF8B42}"
EndProject
Project("{9A19103F-16F7-4668-BE54-9A1E7A4F7556}") = "Ztp.Api", "Ztp.Api\Ztp.Api.csproj", "{F7D256D9-301C-4BA8-9663-108A4618EAE5}"
EndProject
Project("{9A19103F-16F7-4668-BE54-9A1E7A4F7556}") = "Ztp.Domain", "Ztp.Domain\Ztp.Domain.csproj", "{B7958B39-F5B2-4393-BFCC-1E066E923536}"
EndProject
Project("{9A19103F-16F7-4668-BE54-9A1E7A4F7556}") = "Ztp.Infrastructure", "Ztp.Infrastructure\Ztp.Infrastructure.csproj", "{ED37CC6E-48A6-46B9-9417-EC312D6A394F}"
EndProject
Project("{9A19103F-16F7-4668-BE54-9A1E7A4F7556}") = "Ztp.Application", "Ztp.Application\Ztp.Application.csproj", "{48B1FF18-FE2F-4C9B-A49F-0F9184616FF9}"
EndProject
Project("{9A19103F-16F7-4668-BE54-9A1E7A4F7556}") = "Ztp.Shared", "Ztp.Shared\Ztp.Shared.csproj", "{70AD56DA-21B9-4AC5-90B2-DA89BF405542}"
EndProject
Project("{9A19103F-16F7-4668-BE54-9A1E7A4F7556}") = "Ztp.Shared.Abstractions", "Ztp.Shared.Abstractions\Ztp.Shared.Abstractions.csproj", "{E8059F8F-8857-4CA7-A97A-521C357F7B03}"
EndProject
Project("{2150E333-8FDC-42A3-9474-1A3956D46DE8}") = "Presentation", "Presentation", "{2E1CA59C-0D65-4301-980A-0C649B6C3766}"
EndProject
Project("{FAE04EC0-301F-11D3-BF4B-00C04F79EFBC}") = "Ztp.Mobile", "Ztp.Mobile\Ztp.Mobile.csproj", "{60DB4130-3F32-4BFC-95D1-FAE66B1CD8CE}"
EndProject
Project("{FAE04EC0-301F-11D3-BF4B-00C04F79EFBC}") = "Ztp.Web", "Ztp.Web\Ztp.Web.csproj", "{4B5369F9-81ED-4D92-9A4A-35E4C91F29B3}"
EndProject
Project("{2150E333-8FDC-42A3-9474-1A3956D46DE8}") = "shared", "shared", "{C7DFEED1-EE13-4F70-A024-F9AD4744A1D4}"
EndProject
Global
	GlobalSection(SolutionConfigurationPlatforms) = preSolution
		Debug|Any CPU = Debug|Any CPU
		Release|Any CPU = Release|Any CPU
	EndGlobalSection
	GlobalSection(ProjectConfigurationPlatforms) = postSolution
		{F7D256D9-301C-4BA8-9663-108A4618EAE5}.Debug|Any CPU.ActiveCfg = Debug|Any CPU
		{F7D256D9-301C-4BA8-9663-108A4618EAE5}.Debug|Any CPU.Build.0 = Debug|Any CPU
		{F7D256D9-301C-4BA8-9663-108A4618EAE5}.Release|Any CPU.ActiveCfg = Release|Any CPU
		{F7D256D9-301C-4BA8-9663-108A4618EAE5}.Release|Any CPU.Build.0 = Release|Any CPU
		{B7958B39-F5B2-4393-BFCC-1E066E923536}.Debug|Any CPU.ActiveCfg = Debug|Any CPU
		{B7958B39-F5B2-4393-BFCC-1E066E923536}.Debug|Any CPU.Build.0 = Debug|Any CPU
		{B7958B39-F5B2-4393-BFCC-1E066E923536}.Release|Any CPU.ActiveCfg = Release|Any CPU
		{B7958B39-F5B2-4393-BFCC-1E066E923536}.Release|Any CPU.Build.0 = Release|Any CPU
		{ED37CC6E-48A6-46B9-9417-EC312D6A394F}.Debug|Any CPU.ActiveCfg = Debug|Any CPU
		{ED37CC6E-48A6-46B9-9417-EC312D6A394F}.Debug|Any CPU.Build.0 = Debug|Any CPU
		{ED37CC6E-48A6-46B9-9417-EC312D6A394F}.Release|Any CPU.ActiveCfg = Release|Any CPU
		{ED37CC6E-48A6-46B9-9417-EC312D6A394F}.Release|Any CPU.Build.0 = Release|Any CPU
		{48B1FF18-FE2F-4C9B-A49F-0F9184616FF9}.Debug|Any CPU.ActiveCfg = Debug|Any CPU
		{48B1FF18-FE2F-4C9B-A49F-0F9184616FF9}.Debug|Any CPU.Build.0 = Debug|Any CPU
		{48B1FF18-FE2F-4C9B-A49F-0F9184616FF9}.Release|Any CPU.ActiveCfg = Release|Any CPU
		{48B1FF18-FE2F-4C9B-A49F-0F9184616FF9}.Release|Any CPU.Build.0 = Release|Any CPU
		{70AD56DA-21B9-4AC5-90B2-DA89BF405542}.Debug|Any CPU.ActiveCfg = Debug|Any CPU
		{70AD56DA-21B9-4AC5-90B2-DA89BF405542}.Debug|Any CPU.Build.0 = Debug|Any CPU
		{70AD56DA-21B9-4AC5-90B2-DA89BF405542}.Release|Any CPU.ActiveCfg = Release|Any CPU
		{70AD56DA-21B9-4AC5-90B2-DA89BF405542}.Release|Any CPU.Build.0 = Release|Any CPU
		{E8059F8F-8857-4CA7-A97A-521C357F7B03}.Debug|Any CPU.ActiveCfg = Debug|Any CPU
		{E8059F8F-8857-4CA7-A97A-521C357F7B03}.Debug|Any CPU.Build.0 = Debug|Any CPU
		{E8059F8F-8857-4CA7-A97A-521C357F7B03}.Release|Any CPU.ActiveCfg = Release|Any CPU
		{E8059F8F-8857-4CA7-A97A-521C357F7B03}.Release|Any CPU.Build.0 = Release|Any CPU
		{60DB4130-3F32-4BFC-95D1-FAE66B1CD8CE}.Debug|Any CPU.ActiveCfg = Debug|Any CPU
		{60DB4130-3F32-4BFC-95D1-FAE66B1CD8CE}.Debug|Any CPU.Build.0 = Debug|Any CPU
		{60DB4130-3F32-4BFC-95D1-FAE66B1CD8CE}.Release|Any CPU.ActiveCfg = Release|Any CPU
		{60DB4130-3F32-4BFC-95D1-FAE66B1CD8CE}.Release|Any CPU.Build.0 = Release|Any CPU
		{4B5369F9-81ED-4D92-9A4A-35E4C91F29B3}.Debug|Any CPU.ActiveCfg = Debug|Any CPU
		{4B5369F9-81ED-4D92-9A4A-35E4C91F29B3}.Debug|Any CPU.Build.0 = Debug|Any CPU
		{4B5369F9-81ED-4D92-9A4A-35E4C91F29B3}.Release|Any CPU.ActiveCfg = Release|Any CPU
		{4B5369F9-81ED-4D92-9A4A-35E4C91F29B3}.Release|Any CPU.Build.0 = Release|Any CPU
	EndGlobalSection
	GlobalSection(SolutionProperties) = preSolution
		HideSolutionNode = FALSE
	EndGlobalSection
	GlobalSection(NestedProjects) = preSolution
		{B7958B39-F5B2-4393-BFCC-1E066E923536} = {B8E93546-A9D3-4FFD-92BE-8E591C7D8B5A}
		{ED37CC6E-48A6-46B9-9417-EC312D6A394F} = {B8E93546-A9D3-4FFD-92BE-8E591C7D8B5A}
		{48B1FF18-FE2F-4C9B-A49F-0F9184616FF9} = {B8E93546-A9D3-4FFD-92BE-8E591C7D8B5A}
		{2E1CA59C-0D65-4301-980A-0C649B6C3766} = {B8E93546-A9D3-4FFD-92BE-8E591C7D8B5A}
		{60DB4130-3F32-4BFC-95D1-FAE66B1CD8CE} = {2E1CA59C-0D65-4301-980A-0C649B6C3766}
		{4B5369F9-81ED-4D92-9A4A-35E4C91F29B3} = {2E1CA59C-0D65-4301-980A-0C649B6C3766}
		{C7DFEED1-EE13-4F70-A024-F9AD4744A1D4} = {B8E93546-A9D3-4FFD-92BE-8E591C7D8B5A}
		{70AD56DA-21B9-4AC5-90B2-DA89BF405542} = {C7DFEED1-EE13-4F70-A024-F9AD4744A1D4}
		{E8059F8F-8857-4CA7-A97A-521C357F7B03} = {C7DFEED1-EE13-4F70-A024-F9AD4744A1D4}
		{F7D256D9-301C-4BA8-9663-108A4618EAE5} = {B8E93546-A9D3-4FFD-92BE-8E591C7D8B5A}
	EndGlobalSection
	GlobalSection(ExtensibilityGlobals) = postSolution
		SolutionGuid = {A3769217-B137-4210-BA18-0D666F16484A}
	EndGlobalSection
EndGlobal
